
Microsoft Visual Studio Solution File, Format Version 12.00
# Visual Studio Version 16
VisualStudioVersion = 16.0.31321.278
MinimumVisualStudioVersion = 10.0.40219.1
Project("{9A19103F-16F7-4668-BE54-9A1E7A4F7556}") = "WebApi", "WebApi.csproj", "{F097AC7C-470D-4803-95EB-6B49125531F7}"
EndProject
Project("{FAE04EC0-301F-11D3-BF4B-00C04F79EFBC}") = "WebApi.Tests", "..\test\WebApi.Tests\WebApi.Tests.csproj", "{219DF9B2-C3E7-43B1-A104-36310146022C}"
EndProject
Global
	GlobalSection(SolutionConfigurationPlatforms) = preSolution
		Debug|Any CPU = Debug|Any CPU
		Release|Any CPU = Release|Any CPU
	EndGlobalSection
	GlobalSection(ProjectConfigurationPlatforms) = postSolution
		{F097AC7C-470D-4803-95EB-6B49125531F7}.Debug|Any CPU.ActiveCfg = Debug|Any CPU
		{F097AC7C-470D-4803-95EB-6B49125531F7}.Debug|Any CPU.Build.0 = Debug|Any CPU
		{F097AC7C-470D-4803-95EB-6B49125531F7}.Release|Any CPU.ActiveCfg = Release|Any CPU
		{F097AC7C-470D-4803-95EB-6B49125531F7}.Release|Any CPU.Build.0 = Release|Any CPU
		{219DF9B2-C3E7-43B1-A104-36310146022C}.Debug|Any CPU.ActiveCfg = Debug|Any CPU
		{219DF9B2-C3E7-43B1-A104-36310146022C}.Debug|Any CPU.Build.0 = Debug|Any CPU
		{219DF9B2-C3E7-43B1-A104-36310146022C}.Release|Any CPU.ActiveCfg = Release|Any CPU
		{219DF9B2-C3E7-43B1-A104-36310146022C}.Release|Any CPU.Build.0 = Release|Any CPU
	EndGlobalSection
	GlobalSection(SolutionProperties) = preSolution
		HideSolutionNode = FALSE
	EndGlobalSection
	GlobalSection(ExtensibilityGlobals) = postSolution
		SolutionGuid = {85AC84BD-9563-4B60-BAF6-DCB9E5D53A59}
	EndGlobalSection
EndGlobal
